<?xml version="1.0" encoding="utf-8"?>
<Project ToolsVersion="4.0" xmlns="http://schemas.microsoft.com/developer/msbuild/2003">
  <ItemGroup>
    <Filter Include="Resource Files">
      <UniqueIdentifier>{67DA6AB6-F800-4c08-8B7A-83BB121AAD01}</UniqueIdentifier>
      <Extensions>rc;ico;cur;bmp;dlg;rc2;rct;bin;rgs;gif;jpg;jpeg;jpe;resx;tiff;tif;png;wav;mfcribbon-ms</Extensions>
    </Filter>
  </ItemGroup>
  <ItemGroup>
    <ClInclude Include="Resource.h" />
    <ClInclude Include="stdafx.h" />
    <ClInclude Include="StewartPlatform.h" />
    <ClInclude Include="StewartPlatformDlg.h" />
    <ClInclude Include="targetver.h" />
    <ClInclude Include="C3DView.h" />
    <ClInclude Include="ControlDlg.h" />
  </ItemGroup>
  <ItemGroup>
    <ClCompile Include="stdafx.cpp" />
    <ClCompile Include="StewartPlatform.cpp" />
    <ClCompile Include="StewartPlatformDlg.cpp" />
    <ClCompile Include="C3DView.cpp" />
    <ClCompile Include="ControlDlg.cpp" />
  </ItemGroup>
  <ItemGroup>
    <ResourceCompile Include="StewartPlatform.rc">
      <Filter>Resource Files</Filter>
    </ResourceCompile>
  </ItemGroup>
  <ItemGroup>
    <None Include="res\StewartPlatform.rc2">
      <Filter>Resource Files</Filter>
    </None>
  </ItemGroup>
  <ItemGroup>
    <Image Include="res\StewartPlatform.ico">
      <Filter>Resource Files</Filter>
    </Image>
  </ItemGroup>
</Project>